
Microsoft Visual Studio Solution File, Format Version 12.00
# Visual Studio Version 17
VisualStudioVersion = 17.13.35931.197 d17.13
MinimumVisualStudioVersion = 10.0.40219.1
Project("{FAE04EC0-301F-11D3-BF4B-00C04F79EFBC}") = "MetodySortowania", "MetodySortowania\MetodySortowania.csproj", "{4863860B-F758-4871-8C51-AD88D5CF63E2}"
EndProject
Global
	GlobalSection(SolutionConfigurationPlatforms) = preSolution
		Debug|Any CPU = Debug|Any CPU
		Release|Any CPU = Release|Any CPU
	EndGlobalSection
	GlobalSection(ProjectConfigurationPlatforms) = postSolution
		{4863860B-F758-4871-8C51-AD88D5CF63E2}.Debug|Any CPU.ActiveCfg = Debug|Any CPU
		{4863860B-F758-4871-8C51-AD88D5CF63E2}.Debug|Any CPU.Build.0 = Debug|Any CPU
		{4863860B-F758-4871-8C51-AD88D5CF63E2}.Release|Any CPU.ActiveCfg = Release|Any CPU
		{4863860B-F758-4871-8C51-AD88D5CF63E2}.Release|Any CPU.Build.0 = Release|Any CPU
	EndGlobalSection
	GlobalSection(SolutionProperties) = preSolution
		HideSolutionNode = FALSE
	EndGlobalSection
	GlobalSection(ExtensibilityGlobals) = postSolution
		SolutionGuid = {5D8EA57E-06E9-48B0-8D60-4AA4FDD0AAD4}
	EndGlobalSection
EndGlobal
